// !$*UTF8*$!
{
	archiveVersion = 1;
	classes = {
	};
	objectVersion = 46;
	objects = {

/* Begin PBXBuildFile section */
		EFA00E141E9F0C550013A27D /* AppDelegate.swift in Sources */ = {isa = PBXBuildFile; fileRef = EFA00E131E9F0C550013A27D /* AppDelegate.swift */; };
		EFA00E161E9F0C550013A27D /* ViewController.swift in Sources */ = {isa = PBXBuildFile; fileRef = EFA00E151E9F0C550013A27D /* ViewController.swift */; };
		EFA00E191E9F0C560013A27D /* Main.storyboard in Resources */ = {isa = PBXBuildFile; fileRef = EFA00E171E9F0C560013A27D /* Main.storyboard */; };
		EFA00E1B1E9F0C560013A27D /* Assets.xcassets in Resources */ = {isa = PBXBuildFile; fileRef = EFA00E1A1E9F0C560013A27D /* Assets.xcassets */; };
		EFA00E1E1E9F0C560013A27D /* LaunchScreen.storyboard in Resources */ = {isa = PBXBuildFile; fileRef = EFA00E1C1E9F0C560013A27D /* LaunchScreen.storyboard */; };
		EFA00E261E9F0EEB0013A27D /* CanvasViewController.swift in Sources */ = {isa = PBXBuildFile; fileRef = EFA00E251E9F0EEB0013A27D /* CanvasViewController.swift */; };
/* End PBXBuildFile section */

/* Begin PBXFileReference section */
		EFA00E101E9F0C550013A27D /* canvasLab.app */ = {isa = PBXFileReference; explicitFileType = wrapper.application; includeInIndex = 0; path = canvasLab.app; sourceTree = BUILT_PRODUCTS_DIR; };
		EFA00E131E9F0C550013A27D /* AppDelegate.swift */ = {isa = PBXFileReference; lastKnownFileType = sourcecode.swift; path = AppDelegate.swift; sourceTree = "<group>"; };
		EFA00E151E9F0C550013A27D /* ViewController.swift */ = {isa = PBXFileReference; lastKnownFileType = sourcecode.swift; path = ViewController.swift; sourceTree = "<group>"; };
		EFA00E181E9F0C560013A27D /* Base */ = {isa = PBXFileReference; lastKnownFileType = file.storyboard; name = Base; path = Base.lproj/Main.storyboard; sourceTree = "<group>"; };
		EFA00E1A1E9F0C560013A27D /* Assets.xcassets */ = {isa = PBXFileReference; lastKnownFileType = folder.assetcatalog; path = Assets.xcassets; sourceTree = "<group>"; };
		EFA00E1D1E9F0C560013A27D /* Base */ = {isa = PBXFileReference; lastKnownFileType = file.storyboard; name = Base; path = Base.lproj/LaunchScreen.storyboard; sourceTree = "<group>"; };
		EFA00E1F1E9F0C560013A27D /* Info.plist */ = {isa = PBXFileReference; lastKnownFileType = text.plist.xml; path = Info.plist; sourceTree = "<group>"; };
		EFA00E251E9F0EEB0013A27D /* CanvasViewController.swift */ = {isa = PBXFileReference; fileEncoding = 4; lastKnownFileType = sourcecode.swift; path = CanvasViewController.swift; sourceTree = "<group>"; };
/* End PBXFileReference section */

/* Begin PBXFrameworksBuildPhase section */
		EFA00E0D1E9F0C550013A27D /* Frameworks */ = {
			isa = PBXFrameworksBuildPhase;
			buildActionMask = 2147483647;
			files = (
			);
			runOnlyForDeploymentPostprocessing = 0;
		};
/* End PBXFrameworksBuildPhase section */

/* Begin PBXGroup section */
		EFA00E071E9F0C550013A27D = {
			isa = PBXGroup;
			children = (
				EFA00E121E9F0C550013A27D /* canvasLab */,
				EFA00E111E9F0C550013A27D /* Products */,
			);
			sourceTree = "<group>";
		};
		EFA00E111E9F0C550013A27D /* Products */ = {
			isa = PBXGroup;
			children = (
				EFA00E101E9F0C550013A27D /* canvasLab.app */,
			);
			name = Products;
			sourceTree = "<group>";
		};
		EFA00E121E9F0C550013A27D /* canvasLab */ = {
			isa = PBXGroup;
			children = (
				EFA00E131E9F0C550013A27D /* AppDelegate.swift */,
				EFA00E151E9F0C550013A27D /* ViewController.swift */,
				EFA00E171E9F0C560013A27D /* Main.storyboard */,
				EFA00E1A1E9F0C560013A27D /* Assets.xcassets */,
				EFA00E1C1E9F0C560013A27D /* LaunchScreen.storyboard */,
				EFA00E1F1E9F0C560013A27D /* Info.plist */,
				EFA00E251E9F0EEB0013A27D /* CanvasViewController.swift */,
			);
			path = canvasLab;
			sourceTree = "<group>";
		};
/* End PBXGroup section */

/* Begin PBXNativeTarget section */
		EFA00E0F1E9F0C550013A27D /* canvasLab */ = {
			isa = PBXNativeTarget;
			buildConfigurationList = EFA00E221E9F0C560013A27D /* Build configuration list for PBXNativeTarget "canvasLab" */;
			buildPhases = (
				EFA00E0C1E9F0C550013A27D /* Sources */,
				EFA00E0D1E9F0C550013A27D /* Frameworks */,
				EFA00E0E1E9F0C550013A27D /* Resources */,
			);
			buildRules = (
			);
			dependencies = (
			);
			name = canvasLab;
			productName = canvasLab;
			productReference = EFA00E101E9F0C550013A27D /* canvasLab.app */;
			productType = "com.apple.product-type.application";
		};
/* End PBXNativeTarget section */

/* Begin PBXProject section */
		EFA00E081E9F0C550013A27D /* Project object */ = {
			isa = PBXProject;
			attributes = {
				LastSwiftUpdateCheck = 0830;
				LastUpgradeCheck = 0830;
				ORGANIZATIONNAME = "Gerard Recinto";
				TargetAttributes = {
					EFA00E0F1E9F0C550013A27D = {
						CreatedOnToolsVersion = 8.3.1;
						ProvisioningStyle = Automatic;
					};
				};
			};
			buildConfigurationList = EFA00E0B1E9F0C550013A27D /* Build configuration list for PBXProject "canvasLab" */;
			compatibilityVersion = "Xcode 3.2";
			developmentRegion = English;
			hasScannedForEncodings = 0;
			knownRegions = (
				en,
				Base,
			);
			mainGroup = EFA00E071E9F0C550013A27D;
			productRefGroup = EFA00E111E9F0C550013A27D /* Products */;
			projectDirPath = "";
			projectRoot = "";
			targets = (
				EFA00E0F1E9F0C550013A27D /* canvasLab */,
			);
		};
/* End PBXProject section */

/* Begin PBXResourcesBuildPhase section */
		EFA00E0E1E9F0C550013A27D /* Resources */ = {
			isa = PBXResourcesBuildPhase;
			buildActionMask = 2147483647;
			files = (
				EFA00E1E1E9F0C560013A27D /* LaunchScreen.storyboard in Resources */,
				EFA00E1B1E9F0C560013A27D /* Assets.xcassets in Resources */,
				EFA00E191E9F0C560013A27D /* Main.storyboard in Resources */,
			);
			runOnlyForDeploymentPostprocessing = 0;
		};
/* End PBXResourcesBuildPhase section */

/* Begin PBXSourcesBuildPhase section */
		EFA00E0C1E9F0C550013A27D /* Sources */ = {
			isa = PBXSourcesBuildPhase;
			buildActionMask = 2147483647;
			files = (
				EFA00E161E9F0C550013A27D /* ViewController.swift in Sources */,
				EFA00E261E9F0EEB0013A27D /* CanvasViewController.swift in Sources */,
				EFA00E141E9F0C550013A27D /* AppDelegate.swift in Sources */,
			);
			runOnlyForDeploymentPostprocessing = 0;
		};
/* End PBXSourcesBuildPhase section */

/* Begin PBXVariantGroup section */
		EFA00E171E9F0C560013A27D /* Main.storyboard */ = {
			isa = PBXVariantGroup;
			children = (
				EFA00E181E9F0C560013A27D /* Base */,
			);
			name = Main.storyboard;
			sourceTree = "<group>";
		};
		EFA00E1C1E9F0C560013A27D /* LaunchScreen.storyboard */ = {
			isa = PBXVariantGroup;
			children = (
				EFA00E1D1E9F0C560013A27D /* Base */,
			);
			name = LaunchScreen.storyboard;
			sourceTree = "<group>";
		};
/* End PBXVariantGroup section */

/* Begin XCBuildConfiguration section */
		EFA00E201E9F0C560013A27D /* Debug */ = {
			isa = XCBuildConfiguration;
			buildSettings = {
				ALWAYS_SEARCH_USER_PATHS = NO;
				CLANG_ANALYZER_NONNULL = YES;
				CLANG_ANALYZER_NUMBER_OBJECT_CONVERSION = YES_AGGRESSIVE;
				CLANG_CXX_LANGUAGE_STANDARD = "gnu++0x";
				CLANG_CXX_LIBRARY = "libc++";
				CLANG_ENABLE_MODULES = YES;
				CLANG_ENABLE_OBJC_ARC = YES;
				CLANG_WARN_BOOL_CONVERSION = YES;
				CLANG_WARN_CONSTANT_CONVERSION = YES;
				CLANG_WARN_DIRECT_OBJC_ISA_USAGE = YES_ERROR;
				CLANG_WARN_DOCUMENTATION_COMMENTS = YES;
				CLANG_WARN_EMPTY_BODY = YES;
				CLANG_WARN_ENUM_CONVERSION = YES;
				CLANG_WARN_INFINITE_RECURSION = YES;
				CLANG_WARN_INT_CONVERSION = YES;
				CLANG_WARN_OBJC_ROOT_CLASS = YES_ERROR;
				CLANG_WARN_SUSPICIOUS_MOVE = YES;
				CLANG_WARN_UNREACHABLE_CODE = YES;
				CLANG_WARN__DUPLICATE_METHOD_MATCH = YES;
				"CODE_SIGN_IDENTITY[sdk=iphoneos*]" = "iPhone Developer";
				COPY_PHASE_STRIP = NO;
				DEBUG_INFORMATION_FORMAT = dwarf;
				ENABLE_STRICT_OBJC_MSGSEND = YES;
				ENABLE_TESTABILITY = YES;
				GCC_C_LANGUAGE_STANDARD = gnu99;
				GCC_DYNAMIC_NO_PIC = NO;
				GCC_NO_COMMON_BLOCKS = YES;
				GCC_OPTIMIZATION_LEVEL = 0;
				GCC_PREPROCESSOR_DEFINITIONS = (
					"DEBUG=1",
					"$(inherited)",
				);
				GCC_WARN_64_TO_32_BIT_CONVERSION = YES;
				GCC_WARN_ABOUT_RETURN_TYPE = YES_ERROR;
				GCC_WARN_UNDECLARED_SELECTOR = YES;
				GCC_WARN_UNINITIALIZED_AUTOS = YES_AGGRESSIVE;
				GCC_WARN_UNUSED_FUNCTION = YES;
				GCC_WARN_UNUSED_VARIABLE = YES;
				IPHONEOS_DEPLOYMENT_TARGET = 10.3;
				MTL_ENABLE_DEBUG_INFO = YES;
				ONLY_ACTIVE_ARCH = YES;
				SDKROOT = iphoneos;
				SWIFT_ACTIVE_COMPILATION_CONDITIONS = DEBUG;
				SWIFT_OPTIMIZATION_LEVEL = "-Onone";
				TARGETED_DEVICE_FAMILY = "1,2";
			};
			name = Debug;
		};
		EFA00E211E9F0C560013A27D /* Release */ = {
			isa = XCBuildConfiguration;
			buildSettings = {
				ALWAYS_SEARCH_USER_PATHS = NO;
				CLANG_ANALYZER_NONNULL = YES;
				CLANG_ANALYZER_NUMBER_OBJECT_CONVERSION = YES_AGGRESSIVE;
				CLANG_CXX_LANGUAGE_STANDARD = "gnu++0x";
				CLANG_CXX_LIBRARY = "libc++";
				CLANG_ENABLE_MODULES = YES;
				CLANG_ENABLE_OBJC_ARC = YES;
				CLANG_WARN_BOOL_CONVERSION = YES;
				CLANG_WARN_CONSTANT_CONVERSION = YES;
				CLANG_WARN_DIRECT_OBJC_ISA_USAGE = YES_ERROR;
				CLANG_WARN_DOCUMENTATION_COMMENTS = YES;
				CLANG_WARN_EMPTY_BODY = YES;
				CLANG_WARN_ENUM_CONVERSION = YES;
				CLANG_WARN_INFINITE_RECURSION = YES;
				CLANG_WARN_INT_CONVERSION = YES;
				CLANG_WARN_OBJC_ROOT_CLASS = YES_ERROR;
				CLANG_WARN_SUSPICIOUS_MOVE = YES;
				CLANG_WARN_UNREACHABLE_CODE = YES;
				CLANG_WARN__DUPLICATE_METHOD_MATCH = YES;
				"CODE_SIGN_IDENTITY[sdk=iphoneos*]" = "iPhone Developer";
				COPY_PHASE_STRIP = NO;
				DEBUG_INFORMATION_FORMAT = "dwarf-with-dsym";
				ENABLE_NS_ASSERTIONS = NO;
				ENABLE_STRICT_OBJC_MSGSEND = YES;
				GCC_C_LANGUAGE_STANDARD = gnu99;
				GCC_NO_COMMON_BLOCKS = YES;
				GCC_WARN_64_TO_32_BIT_CONVERSION = YES;
				GCC_WARN_ABOUT_RETURN_TYPE = YES_ERROR;
				GCC_WARN_UNDECLARED_SELECTOR = YES;
				GCC_WARN_UNINITIALIZED_AUTOS = YES_AGGRESSIVE;
				GCC_WARN_UNUSED_FUNCTION = YES;
				GCC_WARN_UNUSED_VARIABLE = YES;
				IPHONEOS_DEPLOYMENT_TARGET = 10.3;
				MTL_ENABLE_DEBUG_INFO = NO;
				SDKROOT = iphoneos;
				SWIFT_OPTIMIZATION_LEVEL = "-Owholemodule";
				TARGETED_DEVICE_FAMILY = "1,2";
				VALIDATE_PRODUCT = YES;
			};
			name = Release;
		};
		EFA00E231E9F0C560013A27D /* Debug */ = {
			isa = XCBuildConfiguration;
			buildSettings = {
				ASSETCATALOG_COMPILER_APPICON_NAME = AppIcon;
				INFOPLIST_FILE = canvasLab/Info.plist;
				LD_RUNPATH_SEARCH_PATHS = "$(inherited) @executable_path/Frameworks";
				PRODUCT_BUNDLE_IDENTIFIER = codePath.com.canvasLab;
				PRODUCT_NAME = "$(TARGET_NAME)";
				SWIFT_VERSION = 3.0;
			};
			name = Debug;
		};
		EFA00E241E9F0C560013A27D /* Release */ = {
			isa = XCBuildConfiguration;
			buildSettings = {
				ASSETCATALOG_COMPILER_APPICON_NAME = AppIcon;
				INFOPLIST_FILE = canvasLab/Info.plist;
				LD_RUNPATH_SEARCH_PATHS = "$(inherited) @executable_path/Frameworks";
				PRODUCT_BUNDLE_IDENTIFIER = codePath.com.canvasLab;
				PRODUCT_NAME = "$(TARGET_NAME)";
				SWIFT_VERSION = 3.0;
			};
			name = Release;
		};
/* End XCBuildConfiguration section */

/* Begin XCConfigurationList section */
		EFA00E0B1E9F0C550013A27D /* Build configuration list for PBXProject "canvasLab" */ = {
			isa = XCConfigurationList;
			buildConfigurations = (
				EFA00E201E9F0C560013A27D /* Debug */,
				EFA00E211E9F0C560013A27D /* Release */,
			);
			defaultConfigurationIsVisible = 0;
			defaultConfigurationName = Release;
		};
		EFA00E221E9F0C560013A27D /* Build configuration list for PBXNativeTarget "canvasLab" */ = {
			isa = XCConfigurationList;
			buildConfigurations = (
				EFA00E231E9F0C560013A27D /* Debug */,
				EFA00E241E9F0C560013A27D /* Release */,
			);
			defaultConfigurationIsVisible = 0;
		};
/* End XCConfigurationList section */
	};
	rootObject = EFA00E081E9F0C550013A27D /* Project object */;
}
